
Microsoft Visual Studio Solution File, Format Version 12.00
# Visual Studio Version 16
VisualStudioVersion = 16.0.32802.440
MinimumVisualStudioVersion = 10.0.40219.1
Project("{FAE04EC0-301F-11D3-BF4B-00C04F79EFBC}") = "array_list", "array_list\array_list.csproj", "{4553445D-EEC9-4784-91F3-7AE834FE36AA}"
EndProject
Global
	GlobalSection(SolutionConfigurationPlatforms) = preSolution
		Debug|Any CPU = Debug|Any CPU
		Release|Any CPU = Release|Any CPU
	EndGlobalSection
	GlobalSection(ProjectConfigurationPlatforms) = postSolution
		{4553445D-EEC9-4784-91F3-7AE834FE36AA}.Debug|Any CPU.ActiveCfg = Debug|Any CPU
		{4553445D-EEC9-4784-91F3-7AE834FE36AA}.Debug|Any CPU.Build.0 = Debug|Any CPU
		{4553445D-EEC9-4784-91F3-7AE834FE36AA}.Release|Any CPU.ActiveCfg = Release|Any CPU
		{4553445D-EEC9-4784-91F3-7AE834FE36AA}.Release|Any CPU.Build.0 = Release|Any CPU
	EndGlobalSection
	GlobalSection(SolutionProperties) = preSolution
		HideSolutionNode = FALSE
	EndGlobalSection
	GlobalSection(ExtensibilityGlobals) = postSolution
		SolutionGuid = {77AC47D1-2B8B-4171-97AB-29489F36E8D5}
	EndGlobalSection
EndGlobal
